// !$*UTF8*$!
{
	archiveVersion = 1;
	classes = {
	};
	objectVersion = 46;
	objects = {

/* Begin PBXBuildFile section */
		A774F7C61DA6679D00F32546 /* app icons in Resources */ = {isa = PBXBuildFile; fileRef = A774F7C51DA6679D00F32546 /* app icons */; };
		A7D824591B1BCC4200B0EA09 /* AppDelegate.swift in Sources */ = {isa = PBXBuildFile; fileRef = A7D824581B1BCC4200B0EA09 /* AppDelegate.swift */; };
		A7D8245B1B1BCC4200B0EA09 /* RecordSoundsViewController.swift in Sources */ = {isa = PBXBuildFile; fileRef = A7D8245A1B1BCC4200B0EA09 /* RecordSoundsViewController.swift */; };
		A7D8245E1B1BCC4200B0EA09 /* Main.storyboard in Resources */ = {isa = PBXBuildFile; fileRef = A7D8245C1B1BCC4200B0EA09 /* Main.storyboard */; };
		A7D824601B1BCC4200B0EA09 /* Images.xcassets in Resources */ = {isa = PBXBuildFile; fileRef = A7D8245F1B1BCC4200B0EA09 /* Images.xcassets */; };
		A7D824631B1BCC4200B0EA09 /* LaunchScreen.xib in Resources */ = {isa = PBXBuildFile; fileRef = A7D824611B1BCC4200B0EA09 /* LaunchScreen.xib */; };
		A7D8246F1B1BCC4200B0EA09 /* Pitch_PerfectTests.swift in Sources */ = {isa = PBXBuildFile; fileRef = A7D8246E1B1BCC4200B0EA09 /* Pitch_PerfectTests.swift */; };
		A7D824831B1BF52900B0EA09 /* PlaySoundsViewController.swift in Sources */ = {isa = PBXBuildFile; fileRef = A7D824821B1BF52900B0EA09 /* PlaySoundsViewController.swift */; };
		A7D824841B1BF52900B0EA09 /* PlaySoundsViewController.swift in Sources */ = {isa = PBXBuildFile; fileRef = A7D824821B1BF52900B0EA09 /* PlaySoundsViewController.swift */; };
		A7D824861B1C062200B0EA09 /* RecordedAudio.swift in Sources */ = {isa = PBXBuildFile; fileRef = A7D824851B1C062200B0EA09 /* RecordedAudio.swift */; };
		A7D824871B1C062200B0EA09 /* RecordedAudio.swift in Sources */ = {isa = PBXBuildFile; fileRef = A7D824851B1C062200B0EA09 /* RecordedAudio.swift */; };
/* End PBXBuildFile section */

/* Begin PBXContainerItemProxy section */
		A7D824691B1BCC4200B0EA09 /* PBXContainerItemProxy */ = {
			isa = PBXContainerItemProxy;
			containerPortal = A7D8244B1B1BCC4200B0EA09 /* Project object */;
			proxyType = 1;
			remoteGlobalIDString = A7D824521B1BCC4200B0EA09;
			remoteInfo = "Pitch Perfect";
		};
/* End PBXContainerItemProxy section */

/* Begin PBXFileReference section */
		A774F7C51DA6679D00F32546 /* app icons */ = {isa = PBXFileReference; lastKnownFileType = folder; path = "app icons"; sourceTree = "<group>"; };
		A7D824531B1BCC4200B0EA09 /* Pitch Perfect.app */ = {isa = PBXFileReference; explicitFileType = wrapper.application; includeInIndex = 0; path = "Pitch Perfect.app"; sourceTree = BUILT_PRODUCTS_DIR; };
		A7D824571B1BCC4200B0EA09 /* Info.plist */ = {isa = PBXFileReference; lastKnownFileType = text.plist.xml; path = Info.plist; sourceTree = "<group>"; };
		A7D824581B1BCC4200B0EA09 /* AppDelegate.swift */ = {isa = PBXFileReference; lastKnownFileType = sourcecode.swift; path = AppDelegate.swift; sourceTree = "<group>"; };
		A7D8245A1B1BCC4200B0EA09 /* RecordSoundsViewController.swift */ = {isa = PBXFileReference; lastKnownFileType = sourcecode.swift; path = RecordSoundsViewController.swift; sourceTree = "<group>"; };
		A7D8245D1B1BCC4200B0EA09 /* Base */ = {isa = PBXFileReference; lastKnownFileType = file.storyboard; name = Base; path = Base.lproj/Main.storyboard; sourceTree = "<group>"; };
		A7D8245F1B1BCC4200B0EA09 /* Images.xcassets */ = {isa = PBXFileReference; lastKnownFileType = folder.assetcatalog; path = Images.xcassets; sourceTree = "<group>"; };
		A7D824621B1BCC4200B0EA09 /* Base */ = {isa = PBXFileReference; lastKnownFileType = file.xib; name = Base; path = Base.lproj/LaunchScreen.xib; sourceTree = "<group>"; };
		A7D824681B1BCC4200B0EA09 /* Pitch PerfectTests.xctest */ = {isa = PBXFileReference; explicitFileType = wrapper.cfbundle; includeInIndex = 0; path = "Pitch PerfectTests.xctest"; sourceTree = BUILT_PRODUCTS_DIR; };
		A7D8246D1B1BCC4200B0EA09 /* Info.plist */ = {isa = PBXFileReference; lastKnownFileType = text.plist.xml; path = Info.plist; sourceTree = "<group>"; };
		A7D8246E1B1BCC4200B0EA09 /* Pitch_PerfectTests.swift */ = {isa = PBXFileReference; lastKnownFileType = sourcecode.swift; path = Pitch_PerfectTests.swift; sourceTree = "<group>"; };
		A7D824821B1BF52900B0EA09 /* PlaySoundsViewController.swift */ = {isa = PBXFileReference; fileEncoding = 4; lastKnownFileType = sourcecode.swift; path = PlaySoundsViewController.swift; sourceTree = "<group>"; };
		A7D824851B1C062200B0EA09 /* RecordedAudio.swift */ = {isa = PBXFileReference; fileEncoding = 4; lastKnownFileType = sourcecode.swift; path = RecordedAudio.swift; sourceTree = "<group>"; };
/* End PBXFileReference section */

/* Begin PBXFrameworksBuildPhase section */
		A7D824501B1BCC4200B0EA09 /* Frameworks */ = {
			isa = PBXFrameworksBuildPhase;
			buildActionMask = 2147483647;
			files = (
			);
			runOnlyForDeploymentPostprocessing = 0;
		};
		A7D824651B1BCC4200B0EA09 /* Frameworks */ = {
			isa = PBXFrameworksBuildPhase;
			buildActionMask = 2147483647;
			files = (
			);
			runOnlyForDeploymentPostprocessing = 0;
		};
/* End PBXFrameworksBuildPhase section */

/* Begin PBXGroup section */
		A7D8244A1B1BCC4200B0EA09 = {
			isa = PBXGroup;
			children = (
				A7D824551B1BCC4200B0EA09 /* Pitch Perfect */,
				A7D8246B1B1BCC4200B0EA09 /* Pitch PerfectTests */,
				A7D824541B1BCC4200B0EA09 /* Products */,
			);
			sourceTree = "<group>";
		};
		A7D824541B1BCC4200B0EA09 /* Products */ = {
			isa = PBXGroup;
			children = (
				A7D824531B1BCC4200B0EA09 /* Pitch Perfect.app */,
				A7D824681B1BCC4200B0EA09 /* Pitch PerfectTests.xctest */,
			);
			name = Products;
			sourceTree = "<group>";
		};
		A7D824551B1BCC4200B0EA09 /* Pitch Perfect */ = {
			isa = PBXGroup;
			children = (
				A7D824821B1BF52900B0EA09 /* PlaySoundsViewController.swift */,
				A7D824581B1BCC4200B0EA09 /* AppDelegate.swift */,
				A7D8245A1B1BCC4200B0EA09 /* RecordSoundsViewController.swift */,
				A7D8245C1B1BCC4200B0EA09 /* Main.storyboard */,
				A7D824851B1C062200B0EA09 /* RecordedAudio.swift */,
				A7D8245F1B1BCC4200B0EA09 /* Images.xcassets */,
				A774F7C51DA6679D00F32546 /* app icons */,
				A7D824611B1BCC4200B0EA09 /* LaunchScreen.xib */,
				A7D824561B1BCC4200B0EA09 /* Supporting Files */,
			);
			path = "Pitch Perfect";
			sourceTree = "<group>";
		};
		A7D824561B1BCC4200B0EA09 /* Supporting Files */ = {
			isa = PBXGroup;
			children = (
				A7D824571B1BCC4200B0EA09 /* Info.plist */,
			);
			name = "Supporting Files";
			sourceTree = "<group>";
		};
		A7D8246B1B1BCC4200B0EA09 /* Pitch PerfectTests */ = {
			isa = PBXGroup;
			children = (
				A7D8246E1B1BCC4200B0EA09 /* Pitch_PerfectTests.swift */,
				A7D8246C1B1BCC4200B0EA09 /* Supporting Files */,
			);
			path = "Pitch PerfectTests";
			sourceTree = "<group>";
		};
		A7D8246C1B1BCC4200B0EA09 /* Supporting Files */ = {
			isa = PBXGroup;
			children = (
				A7D8246D1B1BCC4200B0EA09 /* Info.plist */,
			);
			name = "Supporting Files";
			sourceTree = "<group>";
		};
/* End PBXGroup section */

/* Begin PBXNativeTarget section */
		A7D824521B1BCC4200B0EA09 /* Pitch Perfect */ = {
			isa = PBXNativeTarget;
			buildConfigurationList = A7D824721B1BCC4200B0EA09 /* Build configuration list for PBXNativeTarget "Pitch Perfect" */;
			buildPhases = (
				A7D8244F1B1BCC4200B0EA09 /* Sources */,
				A7D824501B1BCC4200B0EA09 /* Frameworks */,
				A7D824511B1BCC4200B0EA09 /* Resources */,
			);
			buildRules = (
			);
			dependencies = (
			);
			name = "Pitch Perfect";
			productName = "Pitch Perfect";
			productReference = A7D824531B1BCC4200B0EA09 /* Pitch Perfect.app */;
			productType = "com.apple.product-type.application";
		};
		A7D824671B1BCC4200B0EA09 /* Pitch PerfectTests */ = {
			isa = PBXNativeTarget;
			buildConfigurationList = A7D824751B1BCC4200B0EA09 /* Build configuration list for PBXNativeTarget "Pitch PerfectTests" */;
			buildPhases = (
				A7D824641B1BCC4200B0EA09 /* Sources */,
				A7D824651B1BCC4200B0EA09 /* Frameworks */,
				A7D824661B1BCC4200B0EA09 /* Resources */,
			);
			buildRules = (
			);
			dependencies = (
				A7D8246A1B1BCC4200B0EA09 /* PBXTargetDependency */,
			);
			name = "Pitch PerfectTests";
			productName = "Pitch PerfectTests";
			productReference = A7D824681B1BCC4200B0EA09 /* Pitch PerfectTests.xctest */;
			productType = "com.apple.product-type.bundle.unit-test";
		};
/* End PBXNativeTarget section */

/* Begin PBXProject section */
		A7D8244B1B1BCC4200B0EA09 /* Project object */ = {
			isa = PBXProject;
			attributes = {
				LastUpgradeCheck = 0630;
				ORGANIZATIONNAME = "James Jongs";
				TargetAttributes = {
					A7D824521B1BCC4200B0EA09 = {
						CreatedOnToolsVersion = 6.3.2;
						LastSwiftMigration = 0800;
					};
					A7D824671B1BCC4200B0EA09 = {
						CreatedOnToolsVersion = 6.3.2;
						LastSwiftMigration = 0800;
						TestTargetID = A7D824521B1BCC4200B0EA09;
					};
				};
			};
			buildConfigurationList = A7D8244E1B1BCC4200B0EA09 /* Build configuration list for PBXProject "Pitch Perfect" */;
			compatibilityVersion = "Xcode 3.2";
			developmentRegion = English;
			hasScannedForEncodings = 0;
			knownRegions = (
				en,
				Base,
			);
			mainGroup = A7D8244A1B1BCC4200B0EA09;
			productRefGroup = A7D824541B1BCC4200B0EA09 /* Products */;
			projectDirPath = "";
			projectRoot = "";
			targets = (
				A7D824521B1BCC4200B0EA09 /* Pitch Perfect */,
				A7D824671B1BCC4200B0EA09 /* Pitch PerfectTests */,
			);
		};
/* End PBXProject section */

/* Begin PBXResourcesBuildPhase section */
		A7D824511B1BCC4200B0EA09 /* Resources */ = {
			isa = PBXResourcesBuildPhase;
			buildActionMask = 2147483647;
			files = (
				A7D8245E1B1BCC4200B0EA09 /* Main.storyboard in Resources */,
				A7D824631B1BCC4200B0EA09 /* LaunchScreen.xib in Resources */,
				A774F7C61DA6679D00F32546 /* app icons in Resources */,
				A7D824601B1BCC4200B0EA09 /* Images.xcassets in Resources */,
			);
			runOnlyForDeploymentPostprocessing = 0;
		};
		A7D824661B1BCC4200B0EA09 /* Resources */ = {
			isa = PBXResourcesBuildPhase;
			buildActionMask = 2147483647;
			files = (
			);
			runOnlyForDeploymentPostprocessing = 0;
		};
/* End PBXResourcesBuildPhase section */

/* Begin PBXSourcesBuildPhase section */
		A7D8244F1B1BCC4200B0EA09 /* Sources */ = {
			isa = PBXSourcesBuildPhase;
			buildActionMask = 2147483647;
			files = (
				A7D824861B1C062200B0EA09 /* RecordedAudio.swift in Sources */,
				A7D8245B1B1BCC4200B0EA09 /* RecordSoundsViewController.swift in Sources */,
				A7D824831B1BF52900B0EA09 /* PlaySoundsViewController.swift in Sources */,
				A7D824591B1BCC4200B0EA09 /* AppDelegate.swift in Sources */,
			);
			runOnlyForDeploymentPostprocessing = 0;
		};
		A7D824641B1BCC4200B0EA09 /* Sources */ = {
			isa = PBXSourcesBuildPhase;
			buildActionMask = 2147483647;
			files = (
				A7D824871B1C062200B0EA09 /* RecordedAudio.swift in Sources */,
				A7D824841B1BF52900B0EA09 /* PlaySoundsViewController.swift in Sources */,
				A7D8246F1B1BCC4200B0EA09 /* Pitch_PerfectTests.swift in Sources */,
			);
			runOnlyForDeploymentPostprocessing = 0;
		};
/* End PBXSourcesBuildPhase section */

/* Begin PBXTargetDependency section */
		A7D8246A1B1BCC4200B0EA09 /* PBXTargetDependency */ = {
			isa = PBXTargetDependency;
			target = A7D824521B1BCC4200B0EA09 /* Pitch Perfect */;
			targetProxy = A7D824691B1BCC4200B0EA09 /* PBXContainerItemProxy */;
		};
/* End PBXTargetDependency section */

/* Begin PBXVariantGroup section */
		A7D8245C1B1BCC4200B0EA09 /* Main.storyboard */ = {
			isa = PBXVariantGroup;
			children = (
				A7D8245D1B1BCC4200B0EA09 /* Base */,
			);
			name = Main.storyboard;
			sourceTree = "<group>";
		};
		A7D824611B1BCC4200B0EA09 /* LaunchScreen.xib */ = {
			isa = PBXVariantGroup;
			children = (
				A7D824621B1BCC4200B0EA09 /* Base */,
			);
			name = LaunchScreen.xib;
			sourceTree = "<group>";
		};
/* End PBXVariantGroup section */

/* Begin XCBuildConfiguration section */
		A7D824701B1BCC4200B0EA09 /* Debug */ = {
			isa = XCBuildConfiguration;
			buildSettings = {
				ALWAYS_SEARCH_USER_PATHS = NO;
				CLANG_CXX_LANGUAGE_STANDARD = "gnu++0x";
				CLANG_CXX_LIBRARY = "libc++";
				CLANG_ENABLE_MODULES = YES;
				CLANG_ENABLE_OBJC_ARC = YES;
				CLANG_WARN_BOOL_CONVERSION = YES;
				CLANG_WARN_CONSTANT_CONVERSION = YES;
				CLANG_WARN_DIRECT_OBJC_ISA_USAGE = YES_ERROR;
				CLANG_WARN_EMPTY_BODY = YES;
				CLANG_WARN_ENUM_CONVERSION = YES;
				CLANG_WARN_INT_CONVERSION = YES;
				CLANG_WARN_OBJC_ROOT_CLASS = YES_ERROR;
				CLANG_WARN_UNREACHABLE_CODE = YES;
				CLANG_WARN__DUPLICATE_METHOD_MATCH = YES;
				"CODE_SIGN_IDENTITY[sdk=iphoneos*]" = "iPhone Developer";
				COPY_PHASE_STRIP = NO;
				DEBUG_INFORMATION_FORMAT = "dwarf-with-dsym";
				ENABLE_STRICT_OBJC_MSGSEND = YES;
				GCC_C_LANGUAGE_STANDARD = gnu99;
				GCC_DYNAMIC_NO_PIC = NO;
				GCC_NO_COMMON_BLOCKS = YES;
				GCC_OPTIMIZATION_LEVEL = 0;
				GCC_PREPROCESSOR_DEFINITIONS = (
					"DEBUG=1",
					"$(inherited)",
				);
				GCC_SYMBOLS_PRIVATE_EXTERN = NO;
				GCC_WARN_64_TO_32_BIT_CONVERSION = YES;
				GCC_WARN_ABOUT_RETURN_TYPE = YES_ERROR;
				GCC_WARN_UNDECLARED_SELECTOR = YES;
				GCC_WARN_UNINITIALIZED_AUTOS = YES_AGGRESSIVE;
				GCC_WARN_UNUSED_FUNCTION = YES;
				GCC_WARN_UNUSED_VARIABLE = YES;
				IPHONEOS_DEPLOYMENT_TARGET = 10.0;
				MTL_ENABLE_DEBUG_INFO = YES;
				ONLY_ACTIVE_ARCH = YES;
				SDKROOT = iphoneos;
				SWIFT_OPTIMIZATION_LEVEL = "-Onone";
			};
			name = Debug;
		};
		A7D824711B1BCC4200B0EA09 /* Release */ = {
			isa = XCBuildConfiguration;
			buildSettings = {
				ALWAYS_SEARCH_USER_PATHS = NO;
				CLANG_CXX_LANGUAGE_STANDARD = "gnu++0x";
				CLANG_CXX_LIBRARY = "libc++";
				CLANG_ENABLE_MODULES = YES;
				CLANG_ENABLE_OBJC_ARC = YES;
				CLANG_WARN_BOOL_CONVERSION = YES;
				CLANG_WARN_CONSTANT_CONVERSION = YES;
				CLANG_WARN_DIRECT_OBJC_ISA_USAGE = YES_ERROR;
				CLANG_WARN_EMPTY_BODY = YES;
				CLANG_WARN_ENUM_CONVERSION = YES;
				CLANG_WARN_INT_CONVERSION = YES;
				CLANG_WARN_OBJC_ROOT_CLASS = YES_ERROR;
				CLANG_WARN_UNREACHABLE_CODE = YES;
				CLANG_WARN__DUPLICATE_METHOD_MATCH = YES;
				"CODE_SIGN_IDENTITY[sdk=iphoneos*]" = "iPhone Developer";
				COPY_PHASE_STRIP = NO;
				DEBUG_INFORMATION_FORMAT = "dwarf-with-dsym";
				ENABLE_NS_ASSERTIONS = NO;
				ENABLE_STRICT_OBJC_MSGSEND = YES;
				GCC_C_LANGUAGE_STANDARD = gnu99;
				GCC_NO_COMMON_BLOCKS = YES;
				GCC_WARN_64_TO_32_BIT_CONVERSION = YES;
				GCC_WARN_ABOUT_RETURN_TYPE = YES_ERROR;
				GCC_WARN_UNDECLARED_SELECTOR = YES;
				GCC_WARN_UNINITIALIZED_AUTOS = YES_AGGRESSIVE;
				GCC_WARN_UNUSED_FUNCTION = YES;
				GCC_WARN_UNUSED_VARIABLE = YES;
				IPHONEOS_DEPLOYMENT_TARGET = 10.0;
				MTL_ENABLE_DEBUG_INFO = NO;
				SDKROOT = iphoneos;
				VALIDATE_PRODUCT = YES;
			};
			name = Release;
		};
		A7D824731B1BCC4200B0EA09 /* Debug */ = {
			isa = XCBuildConfiguration;
			buildSettings = {
				ASSETCATALOG_COMPILER_APPICON_NAME = AppIcon;
				INFOPLIST_FILE = "Pitch Perfect/Info.plist";
				LD_RUNPATH_SEARCH_PATHS = "$(inherited) @executable_path/Frameworks";
				PRODUCT_NAME = "$(TARGET_NAME)";
				SWIFT_VERSION = 3.0;
				TARGETED_DEVICE_FAMILY = "1,2";
			};
			name = Debug;
		};
		A7D824741B1BCC4200B0EA09 /* Release */ = {
			isa = XCBuildConfiguration;
			buildSettings = {
				ASSETCATALOG_COMPILER_APPICON_NAME = AppIcon;
				INFOPLIST_FILE = "Pitch Perfect/Info.plist";
				LD_RUNPATH_SEARCH_PATHS = "$(inherited) @executable_path/Frameworks";
				PRODUCT_NAME = "$(TARGET_NAME)";
				SWIFT_VERSION = 3.0;
				TARGETED_DEVICE_FAMILY = "1,2";
			};
			name = Release;
		};
		A7D824761B1BCC4200B0EA09 /* Debug */ = {
			isa = XCBuildConfiguration;
			buildSettings = {
				BUNDLE_LOADER = "$(TEST_HOST)";
				FRAMEWORK_SEARCH_PATHS = (
					"$(SDKROOT)/Developer/Library/Frameworks",
					"$(inherited)",
				);
				GCC_PREPROCESSOR_DEFINITIONS = (
					"DEBUG=1",
					"$(inherited)",
				);
				INFOPLIST_FILE = "Pitch PerfectTests/Info.plist";
				LD_RUNPATH_SEARCH_PATHS = "$(inherited) @executable_path/Frameworks @loader_path/Frameworks";
				PRODUCT_NAME = "$(TARGET_NAME)";
				SWIFT_VERSION = 3.0;
				TEST_HOST = "$(BUILT_PRODUCTS_DIR)/Pitch Perfect.app/Pitch Perfect";
			};
			name = Debug;
		};
		A7D824771B1BCC4200B0EA09 /* Release */ = {
			isa = XCBuildConfiguration;
			buildSettings = {
				BUNDLE_LOADER = "$(TEST_HOST)";
				FRAMEWORK_SEARCH_PATHS = (
					"$(SDKROOT)/Developer/Library/Frameworks",
					"$(inherited)",
				);
				INFOPLIST_FILE = "Pitch PerfectTests/Info.plist";
				LD_RUNPATH_SEARCH_PATHS = "$(inherited) @executable_path/Frameworks @loader_path/Frameworks";
				PRODUCT_NAME = "$(TARGET_NAME)";
				SWIFT_VERSION = 3.0;
				TEST_HOST = "$(BUILT_PRODUCTS_DIR)/Pitch Perfect.app/Pitch Perfect";
			};
			name = Release;
		};
/* End XCBuildConfiguration section */

/* Begin XCConfigurationList section */
		A7D8244E1B1BCC4200B0EA09 /* Build configuration list for PBXProject "Pitch Perfect" */ = {
			isa = XCConfigurationList;
			buildConfigurations = (
				A7D824701B1BCC4200B0EA09 /* Debug */,
				A7D824711B1BCC4200B0EA09 /* Release */,
			);
			defaultConfigurationIsVisible = 0;
			defaultConfigurationName = Release;
		};
		A7D824721B1BCC4200B0EA09 /* Build configuration list for PBXNativeTarget "Pitch Perfect" */ = {
			isa = XCConfigurationList;
			buildConfigurations = (
				A7D824731B1BCC4200B0EA09 /* Debug */,
				A7D824741B1BCC4200B0EA09 /* Release */,
			);
			defaultConfigurationIsVisible = 0;
			defaultConfigurationName = Release;
		};
		A7D824751B1BCC4200B0EA09 /* Build configuration list for PBXNativeTarget "Pitch PerfectTests" */ = {
			isa = XCConfigurationList;
			buildConfigurations = (
				A7D824761B1BCC4200B0EA09 /* Debug */,
				A7D824771B1BCC4200B0EA09 /* Release */,
			);
			defaultConfigurationIsVisible = 0;
			defaultConfigurationName = Release;
		};
/* End XCConfigurationList section */
	};
	rootObject = A7D8244B1B1BCC4200B0EA09 /* Project object */;
}
